
Microsoft Visual Studio Solution File, Format Version 12.00
# Visual Studio Version 17
VisualStudioVersion = 17.1.32228.430
MinimumVisualStudioVersion = 10.0.40219.1
Project("{FAE04EC0-301F-11D3-BF4B-00C04F79EFBC}") = "ProectSGK", "ProectSGK\ProectSGK.csproj", "{AF95FB99-FF4E-491F-A6CF-711D3D40ED00}"
EndProject
Global
	GlobalSection(SolutionConfigurationPlatforms) = preSolution
		Debug|Any CPU = Debug|Any CPU
		Release|Any CPU = Release|Any CPU
	EndGlobalSection
	GlobalSection(ProjectConfigurationPlatforms) = postSolution
		{AF95FB99-FF4E-491F-A6CF-711D3D40ED00}.Debug|Any CPU.ActiveCfg = Debug|Any CPU
		{AF95FB99-FF4E-491F-A6CF-711D3D40ED00}.Debug|Any CPU.Build.0 = Debug|Any CPU
		{AF95FB99-FF4E-491F-A6CF-711D3D40ED00}.Release|Any CPU.ActiveCfg = Release|Any CPU
		{AF95FB99-FF4E-491F-A6CF-711D3D40ED00}.Release|Any CPU.Build.0 = Release|Any CPU
	EndGlobalSection
	GlobalSection(SolutionProperties) = preSolution
		HideSolutionNode = FALSE
	EndGlobalSection
	GlobalSection(ExtensibilityGlobals) = postSolution
		SolutionGuid = {6FCFCC44-47DD-4367-B1BC-E946B7406BD9}
	EndGlobalSection
EndGlobal
